
Microsoft Visual Studio Solution File, Format Version 12.00
# Visual Studio Version 17
VisualStudioVersion = 17.9.34728.123
MinimumVisualStudioVersion = 10.0.40219.1
Project("{FAE04EC0-301F-11D3-BF4B-00C04F79EFBC}") = "application.net", "application.net\application.net.csproj", "{3175FD1B-FEA4-4276-9F4D-A4CF146CD39F}"
EndProject
Project("{FAE04EC0-301F-11D3-BF4B-00C04F79EFBC}") = "employee.model", "employee.model\employee.model.csproj", "{989FF38D-6A0F-4902-9C83-44DBCC02BC02}"
EndProject
Project("{FAE04EC0-301F-11D3-BF4B-00C04F79EFBC}") = "employee.repositories", "employee.repositories\employee.repositories.csproj", "{C1CABF5D-7E1D-4498-89B5-9E80E7FA3D68}"
EndProject
Project("{FAE04EC0-301F-11D3-BF4B-00C04F79EFBC}") = "employee.services", "employee.services\employee.services.csproj", "{B2F7F0AE-DF00-4E74-9F1F-67CF30E77AC4}"
EndProject
Global
	GlobalSection(SolutionConfigurationPlatforms) = preSolution
		Debug|Any CPU = Debug|Any CPU
		Release|Any CPU = Release|Any CPU
	EndGlobalSection
	GlobalSection(ProjectConfigurationPlatforms) = postSolution
		{3175FD1B-FEA4-4276-9F4D-A4CF146CD39F}.Debug|Any CPU.ActiveCfg = Debug|Any CPU
		{3175FD1B-FEA4-4276-9F4D-A4CF146CD39F}.Debug|Any CPU.Build.0 = Debug|Any CPU
		{3175FD1B-FEA4-4276-9F4D-A4CF146CD39F}.Release|Any CPU.ActiveCfg = Release|Any CPU
		{3175FD1B-FEA4-4276-9F4D-A4CF146CD39F}.Release|Any CPU.Build.0 = Release|Any CPU
		{989FF38D-6A0F-4902-9C83-44DBCC02BC02}.Debug|Any CPU.ActiveCfg = Debug|Any CPU
		{989FF38D-6A0F-4902-9C83-44DBCC02BC02}.Debug|Any CPU.Build.0 = Debug|Any CPU
		{989FF38D-6A0F-4902-9C83-44DBCC02BC02}.Release|Any CPU.ActiveCfg = Release|Any CPU
		{989FF38D-6A0F-4902-9C83-44DBCC02BC02}.Release|Any CPU.Build.0 = Release|Any CPU
		{C1CABF5D-7E1D-4498-89B5-9E80E7FA3D68}.Debug|Any CPU.ActiveCfg = Debug|Any CPU
		{C1CABF5D-7E1D-4498-89B5-9E80E7FA3D68}.Debug|Any CPU.Build.0 = Debug|Any CPU
		{C1CABF5D-7E1D-4498-89B5-9E80E7FA3D68}.Release|Any CPU.ActiveCfg = Release|Any CPU
		{C1CABF5D-7E1D-4498-89B5-9E80E7FA3D68}.Release|Any CPU.Build.0 = Release|Any CPU
		{B2F7F0AE-DF00-4E74-9F1F-67CF30E77AC4}.Debug|Any CPU.ActiveCfg = Debug|Any CPU
		{B2F7F0AE-DF00-4E74-9F1F-67CF30E77AC4}.Debug|Any CPU.Build.0 = Debug|Any CPU
		{B2F7F0AE-DF00-4E74-9F1F-67CF30E77AC4}.Release|Any CPU.ActiveCfg = Release|Any CPU
		{B2F7F0AE-DF00-4E74-9F1F-67CF30E77AC4}.Release|Any CPU.Build.0 = Release|Any CPU
	EndGlobalSection
	GlobalSection(SolutionProperties) = preSolution
		HideSolutionNode = FALSE
	EndGlobalSection
	GlobalSection(ExtensibilityGlobals) = postSolution
		SolutionGuid = {E38063D4-A852-4A64-B91B-DCEC3C3A8E24}
	EndGlobalSection
EndGlobal
